Microsoft Visual Studio Solution File, Format Version 12.00
# Visual Studio Version 17
VisualStudioVersion = 17.5.2.0
MinimumVisualStudioVersion = 10.0.40219.1
Project("{FAE04EC0-301F-11D3-BF4B-00C04F79EFBC}") = "TemplatePack", "CopilotInstructions.Template\TemplatePack.csproj", "{226B65DA-2903-D9DA-44EC-0200D1057987}"
EndProject
Global
	GlobalSection(SolutionConfigurationPlatforms) = preSolution
		Debug|Any CPU = Debug|Any CPU
		Release|Any CPU = Release|Any CPU
	EndGlobalSection
	GlobalSection(ProjectConfigurationPlatforms) = postSolution
		{226B65DA-2903-D9DA-44EC-0200D1057987}.Debug|Any CPU.ActiveCfg = Debug|Any CPU
		{226B65DA-2903-D9DA-44EC-0200D1057987}.Debug|Any CPU.Build.0 = Debug|Any CPU
		{226B65DA-2903-D9DA-44EC-0200D1057987}.Release|Any CPU.ActiveCfg = Release|Any CPU
		{226B65DA-2903-D9DA-44EC-0200D1057987}.Release|Any CPU.Build.0 = Release|Any CPU
	EndGlobalSection
	GlobalSection(SolutionProperties) = preSolution
		HideSolutionNode = FALSE
	EndGlobalSection
	GlobalSection(ExtensibilityGlobals) = postSolution
		SolutionGuid = {5EA32CCB-E832-4098-BD0B-17EC47E28EB2}
	EndGlobalSection
EndGlobal
